
Microsoft Visual Studio Solution File, Format Version 12.00
# Visual Studio Version 17
VisualStudioVersion = 17.12.35728.132
MinimumVisualStudioVersion = 10.0.40219.1
Project("{FAE04EC0-301F-11D3-BF4B-00C04F79EFBC}") = "CbVitrineNet", "CbVitrineNet\CbVitrineNet.csproj", "{11C25CF3-35F8-4FD3-97E3-B90556F2B9E1}"
EndProject
Project("{2150E333-8FDC-42A3-9474-1A3956D46DE8}") = "Éléments de solution", "Éléments de solution", "{542CC07E-B90C-4D11-9CFE-0B884F1EF232}"
	ProjectSection(SolutionItems) = preProject
		docker-compose.yml = docker-compose.yml
		Doxyfile = Doxyfile
		Doxygen.txt = Doxygen.txt
	EndProjectSection
EndProject
Project("{FAE04EC0-301F-11D3-BF4B-00C04F79EFBC}") = "VitrineApi", "VitrineApi\VitrineApi.csproj", "{A8417999-0EB3-405A-9EDE-69FED7E1C1BB}"
EndProject
Project("{FAE04EC0-301F-11D3-BF4B-00C04F79EFBC}") = "TestsFoncPW", "TestsFoncPW\TestsFoncPW.csproj", "{0C34D017-EA74-4695-8C06-B94420E4F6B1}"
EndProject
Project("{FAE04EC0-301F-11D3-BF4B-00C04F79EFBC}") = "TestsBDD", "TestsBDD\TestsBDD.csproj", "{76543BA6-E513-4D78-AC20-170503701903}"
EndProject
Project("{FAE04EC0-301F-11D3-BF4B-00C04F79EFBC}") = "TestsUnitaires", "TestsUnitaires\TestsUnitaires.csproj", "{B21FFE67-3BEE-4D1F-AFF1-EA489EBD5F5E}"
EndProject
Project("{FAE04EC0-301F-11D3-BF4B-00C04F79EFBC}") = "CbVitrineNetRCL", "CbVitrineNetRCL\CbVitrineNetRCL.csproj", "{C4436FE6-0F4B-41A1-834B-238B58B148A7}"
EndProject
Project("{FAE04EC0-301F-11D3-BF4B-00C04F79EFBC}") = "CbVitrineNetClasses", "CbVitrineNetClasses\CbVitrineNetClasses.csproj", "{89FB4400-36DB-4F95-8779-DFEB7E1084CE}"
EndProject
Global
	GlobalSection(SolutionConfigurationPlatforms) = preSolution
		Debug|Any CPU = Debug|Any CPU
		Release|Any CPU = Release|Any CPU
	EndGlobalSection
	GlobalSection(ProjectConfigurationPlatforms) = postSolution
		{11C25CF3-35F8-4FD3-97E3-B90556F2B9E1}.Debug|Any CPU.ActiveCfg = Debug|Any CPU
		{11C25CF3-35F8-4FD3-97E3-B90556F2B9E1}.Debug|Any CPU.Build.0 = Debug|Any CPU
		{11C25CF3-35F8-4FD3-97E3-B90556F2B9E1}.Release|Any CPU.ActiveCfg = Release|Any CPU
		{11C25CF3-35F8-4FD3-97E3-B90556F2B9E1}.Release|Any CPU.Build.0 = Release|Any CPU
		{A8417999-0EB3-405A-9EDE-69FED7E1C1BB}.Debug|Any CPU.ActiveCfg = Debug|Any CPU
		{A8417999-0EB3-405A-9EDE-69FED7E1C1BB}.Debug|Any CPU.Build.0 = Debug|Any CPU
		{A8417999-0EB3-405A-9EDE-69FED7E1C1BB}.Release|Any CPU.ActiveCfg = Release|Any CPU
		{A8417999-0EB3-405A-9EDE-69FED7E1C1BB}.Release|Any CPU.Build.0 = Release|Any CPU
		{0C34D017-EA74-4695-8C06-B94420E4F6B1}.Debug|Any CPU.ActiveCfg = Debug|Any CPU
		{0C34D017-EA74-4695-8C06-B94420E4F6B1}.Debug|Any CPU.Build.0 = Debug|Any CPU
		{0C34D017-EA74-4695-8C06-B94420E4F6B1}.Release|Any CPU.ActiveCfg = Release|Any CPU
		{0C34D017-EA74-4695-8C06-B94420E4F6B1}.Release|Any CPU.Build.0 = Release|Any CPU
		{76543BA6-E513-4D78-AC20-170503701903}.Debug|Any CPU.ActiveCfg = Debug|Any CPU
		{76543BA6-E513-4D78-AC20-170503701903}.Debug|Any CPU.Build.0 = Debug|Any CPU
		{76543BA6-E513-4D78-AC20-170503701903}.Release|Any CPU.ActiveCfg = Release|Any CPU
		{76543BA6-E513-4D78-AC20-170503701903}.Release|Any CPU.Build.0 = Release|Any CPU
		{B21FFE67-3BEE-4D1F-AFF1-EA489EBD5F5E}.Debug|Any CPU.ActiveCfg = Debug|Any CPU
		{B21FFE67-3BEE-4D1F-AFF1-EA489EBD5F5E}.Debug|Any CPU.Build.0 = Debug|Any CPU
		{B21FFE67-3BEE-4D1F-AFF1-EA489EBD5F5E}.Release|Any CPU.ActiveCfg = Release|Any CPU
		{B21FFE67-3BEE-4D1F-AFF1-EA489EBD5F5E}.Release|Any CPU.Build.0 = Release|Any CPU
		{C4436FE6-0F4B-41A1-834B-238B58B148A7}.Debug|Any CPU.ActiveCfg = Debug|Any CPU
		{C4436FE6-0F4B-41A1-834B-238B58B148A7}.Debug|Any CPU.Build.0 = Debug|Any CPU
		{C4436FE6-0F4B-41A1-834B-238B58B148A7}.Release|Any CPU.ActiveCfg = Release|Any CPU
		{C4436FE6-0F4B-41A1-834B-238B58B148A7}.Release|Any CPU.Build.0 = Release|Any CPU
		{89FB4400-36DB-4F95-8779-DFEB7E1084CE}.Debug|Any CPU.ActiveCfg = Debug|Any CPU
		{89FB4400-36DB-4F95-8779-DFEB7E1084CE}.Debug|Any CPU.Build.0 = Debug|Any CPU
		{89FB4400-36DB-4F95-8779-DFEB7E1084CE}.Release|Any CPU.ActiveCfg = Release|Any CPU
		{89FB4400-36DB-4F95-8779-DFEB7E1084CE}.Release|Any CPU.Build.0 = Release|Any CPU
	EndGlobalSection
	GlobalSection(SolutionProperties) = preSolution
		HideSolutionNode = FALSE
	EndGlobalSection
	GlobalSection(ExtensibilityGlobals) = postSolution
		SolutionGuid = {421FEBC1-6B41-4892-A4AC-8A7B55CB9B65}
	EndGlobalSection
EndGlobal
